github.com/davecgh/go-spew v1.1.0/go.mod h1:J7Y8YcW2NihsgmVo/mv3lAwl/skON4iLHjSsI+c5H38=
github.com/davecgh/go-spew v1.1.1 h1:vj9j/u1bqnvCEfJOwUhtlOARqs3+rkHYY13jYWTU97c=
github.com/davecgh/go-spew v1.1.1/go.mod h1:J7Y8YcW2NihsgmVo/mv3lAwl/skON4iLHjSsI+c5H38=
github.com/inconshreveable/mousetrap v1.0.0 h1:Z8tu5sraLXCXIcARxBp/8cbvlwVa7Z1NHg9XEKhtSvM=
github.com/inconshreveable/mousetrap v1.0.0/go.mod h1:PxqpIevigyE2G7u3NXJIT2ANytuPF1OarO4DADm73n8=
github.com/jauhararifin/ugrade/sandbox v0.0.0-20190413144834-963f464b202d/go.mod h1:oFUKipECS7R9V4mlZtrH5jIuJ5WMP9BS/QaSPKJ2abE=
github.com/jauhararifin/ugrade/sandbox v0.0.0-20190414100250-a5cc468924e5 h1:RPDiTZxNUF7xMoizXgAkO94l+E/U2w8AfeyB2+Ddt1o=
github.com/jauhararifin/ugrade/sandbox v0.0.0-20190414100250-a5cc468924e5/go.mod h1:oFUKipECS7R9V4mlZtrH5jIuJ5WMP9BS/QaSPKJ2abE=
github.com/jauhararifin/ugrade/sandbox v0.0.0-20190414152855-1a88f71e28e6 h1:Q0zHx8eMXk4LmF3UFukgNJhI5mZc2skk0a12BRScu0U=
github.com/jauhararifin/ugrade/sandbox v0.0.0-20190414152855-1a88f71e28e6/go.mod h1:oFUKipECS7R9V4mlZtrH5jIuJ5WMP9BS/QaSPKJ2abE=
github.com/jauhararifin/ugrade/sandbox v0.0.0-20190415023602-11d808f4f7e6 h1:0poAdmOiL9AiUZaBzFgUB7abVbBvKlcH8XYxwdFPPRw=
github.com/jauhararifin/ugrade/sandbox v0.0.0-20190415023602-11d808f4f7e6/go.mod h1:oFUKipECS7R9V4mlZtrH5jIuJ5WMP9BS/QaSPKJ2abE=
github.com/jauhararifin/ugrade/sandbox v0.0.0-20190415154610-be05f394e4a4 h1:i9eF6CskjFEwZPV8gTkbhX0Tmaqh+fD6MPGg0yaIofw=
github.com/jauhararifin/ugrade/sandbox v0.0.0-20190415154610-be05f394e4a4/go.mod h1:oFUKipECS7R9V4mlZtrH5jIuJ5WMP9BS/QaSPKJ2abE=
github.com/jauhararifin/ugrade/sandbox v0.0.0-20190415154913-abf4903aa2af h1:vQIKetGh5fk+EgjRSUNrmK1n87EWNHmrg/d12seUp7s=
github.com/jauhararifin/ugrade/sandbox v0.0.0-20190415154913-abf4903aa2af/go.mod h1:oFUKipECS7R9V4mlZtrH5jIuJ5WMP9BS/QaSPKJ2abE=
github.com/jauhararifin/ugrade/sandbox v0.0.0-20190415155133-66ae4466383e h1:bk7YapbxTICFPJXiM2Q3spVUw2etxKvAus4WAeeGaS0=
github.com/jauhararifin/ugrade/sandbox v0.0.0-20190415155133-66ae4466383e/go.mod h1:oFUKipECS7R9V4mlZtrH5jIuJ5WMP9BS/QaSPKJ2abE=
github.com/jauhararifin/ugrade/sandbox v0.0.0-20190415155605-df18b9649026 h1:vUiKWejzPyeR5/WUmXtzhHMtZaKdH8CNaUuWaIapb3Q=
github.com/jauhararifin/ugrade/sandbox v0.0.0-20190415155605-df18b9649026/go.mod h1:oFUKipECS7R9V4mlZtrH5jIuJ5WMP9BS/QaSPKJ2abE=
github.com/jauhararifin/ugrade/worker v0.0.0-20190414100250-a5cc468924e5 h1:YTUgfTEdDLNcnlogxOR48fC4w5uxB64MTlxNOOuepXc=
github.com/jauhararifin/ugrade/worker v0.0.0-20190414100250-a5cc468924e5/go.mod h1:/DnPivwLr8+9NRre9YH2F/OoTwYYczAwTGM1vpDK9qs=
github.com/jauhararifin/ugrade/worker v0.0.0-20190414152855-1a88f71e28e6 h1:r4MeMF5qqAoXOHpdhLudZL8UkFCKoFgluQPzLgzm+t8=
github.com/jauhararifin/ugrade/worker v0.0.0-20190414152855-1a88f71e28e6/go.mod h1:/DnPivwLr8+9NRre9YH2F/OoTwYYczAwTGM1vpDK9qs=
github.com/jauhararifin/ugrade/worker v0.0.0-20190415023602-11d808f4f7e6 h1:/iSYYORF0OeOcXB/nI3e/zyHbMbz8v2FlO9gWoWSBgE=
github.com/jauhararifin/ugrade/worker v0.0.0-20190415023602-11d808f4f7e6/go.mod h1:/DnPivwLr8+9NRre9YH2F/OoTwYYczAwTGM1vpDK9qs=
github.com/jauhararifin/ugrade/worker v0.0.0-20190415155605-df18b9649026 h1:BQGEuMn0MMlAEyfxP0vvnzPGEY+j9lxGVSZb6kQx3FM=
github.com/jauhararifin/ugrade/worker v0.0.0-20190415155605-df18b9649026/go.mod h1:sn5Rpy2Xg3NEhnU4fGVqb2WvtTt1LSUwcZZ69E5WJhw=
github.com/konsorten/go-windows-terminal-sequences v1.0.1/go.mod h1:T0+1ngSBFLxvqU3pZ+m/2kptfBszLMUkC4ZK/EgS/cQ=
github.com/konsorten/go-windows-terminal-sequences v1.0.2 h1:DB17ag19krx9CFsz4o3enTrPXyIXCl+2iCXH/aMAp9s=
github.com/konsorten/go-windows-terminal-sequences v1.0.2/go.mod h1:T0+1ngSBFLxvqU3pZ+m/2kptfBszLMUkC4ZK/EgS/cQ=
github.com/pkg/errors v0.8.1 h1:iURUrRGxPUNPdy5/HRSm+Yj6okJ6UtLINN0Q9M4+h3I=
github.com/pkg/errors v0.8.1/go.mod h1:bwawxfHBFNV+L2hUp1rHADufV3IMtnDRdf1r5NINEl0=
github.com/pmezard/go-difflib v1.0.0 h1:4DBwDE0NGyQoBHbLQYPwSUPoCMWR5BEzIk/f1lZbAQM=
github.com/pmezard/go-difflib v1.0.0/go.mod h1:iKH77koFhYxTK1pcRnkKkqfTogsbg7gZNVY4sRDYZ/4=
github.com/sirupsen/logrus v1.4.1 h1:GL2rEmy6nsikmW0r8opw9JIRScdMF5hA8cOYLH7In1k=
github.com/sirupsen/logrus v1.4.1/go.mod h1:ni0Sbl8bgC9z8RoU9G6nDWqqs/fq4eDPysMBDgk/93Q=
github.com/spf13/cobra v0.0.3 h1:ZlrZ4XsMRm04Fr5pSFxBgfND2EBVa1nLpiy1stUsX/8=
github.com/spf13/cobra v0.0.3/go.mod h1:1l0Ry5zgKvJasoi3XT1TypsSe7PqH0Sj9dhYf7v3XqQ=
github.com/spf13/pflag v1.0.3 h1:zPAT6CGy6wXeQ7NtTnaTerfKOsV6V6F8agHXFiazDkg=
github.com/spf13/pflag v1.0.3/go.mod h1:DYY7MBk1bdzusC3SYhjObp+wFpr4gzcvqqNjLnInEg4=
github.com/stretchr/objx v0.1.0/go.mod h1:HFkY916IF+rwdDfMAkV7OtwuqBVzrE8GR6GFx+wExME=
github.com/stretchr/objx v0.1.1/go.mod h1:HFkY916IF+rwdDfMAkV7OtwuqBVzrE8GR6GFx+wExME=
github.com/stretchr/objx v0.2.0/go.mod h1:qt09Ya8vawLte6SNmTgCsAVtYtaKzEcn8ATUoHMkEqE=
github.com/stretchr/testify v1.2.2/go.mod h1:a8OnRcib4nhh0OaRAV+Yts87kKdq0PP7pXfy6kDkUVs=
github.com/stretchr/testify v1.3.0 h1:TivCn/peBQ7UY8ooIcPgZFpTNSz0Q2U6UrFlUfqbe0Q=
github.com/stretchr/testify v1.3.0/go.mod h1:M5WIy9Dh21IEIfnGCwXGc5bZfKNJtfHm1UVUgZn+9EI=
github.com/xi2/xz v0.0.0-20171230120015-48954b6210f8/go.mod h1:HUYIGzjTL3rfEspMxjDjgmT5uz5wzYJKVo23qUhYTos=
golang.org/x/sys v0.0.0-20180905080454-ebe1bf3edb33 h1:I6FyU15t786LL7oL/hn43zqTuEGr4PN7F4XJ1p4E3Y8=
golang.org/x/sys v0.0.0-20180905080454-ebe1bf3edb33/go.mod h1:STP8DvDyc/dI5b8T5hshtkjS+E42TnysNCUPdjciGhY=
golang.org/x/sys v0.0.0-20190405154228-4b34438f7a67/go.mod h1:h1NjWce9XRLGQEsW7wpKNCjG9DtNlClVuFLEZdDNbEs=
golang.org/x/sys v0.0.0-20190412213103-97732733099d h1:+R4KGOnez64A81RvjARKc4UT5/tI9ujCIVX+P5KiHuI=
golang.org/x/sys v0.0.0-20190412213103-97732733099d/go.mod h1:h1NjWce9XRLGQEsW7wpKNCjG9DtNlClVuFLEZdDNbEs=
golang.org/x/sys v0.0.0-20190415145633-3fd5a3612ccd h1:MNN7PRW7zYXd8upVO5qfKeOnQG74ivRNv7sz4k4cQMs=
golang.org/x/sys v0.0.0-20190415145633-3fd5a3612ccd/go.mod h1:h1NjWce9XRLGQEsW7wpKNCjG9DtNlClVuFLEZdDNbEs=
